
Microsoft Visual Studio Solution File, Format Version 12.00
# Visual Studio Version 17
VisualStudioVersion = 17.10.35004.147
MinimumVisualStudioVersion = 10.0.40219.1
Project("{FAE04EC0-301F-11D3-BF4B-00C04F79EFBC}") = "AsTech - Classes", "AsTech - Classes\AsTech - Classes.csproj", "{E2E28763-E2EB-4972-B97E-0612BC2C3D2B}"
EndProject
Project("{FAE04EC0-301F-11D3-BF4B-00C04F79EFBC}") = "AsTech-API", "AsTech-API\AsTech-API.csproj", "{65821B91-B54E-4578-A52B-298CDB231718}"
EndProject
Global
	GlobalSection(SolutionConfigurationPlatforms) = preSolution
		Debug|Any CPU = Debug|Any CPU
		Release|Any CPU = Release|Any CPU
	EndGlobalSection
	GlobalSection(ProjectConfigurationPlatforms) = postSolution
		{E2E28763-E2EB-4972-B97E-0612BC2C3D2B}.Debug|Any CPU.ActiveCfg = Debug|Any CPU
		{E2E28763-E2EB-4972-B97E-0612BC2C3D2B}.Debug|Any CPU.Build.0 = Debug|Any CPU
		{E2E28763-E2EB-4972-B97E-0612BC2C3D2B}.Release|Any CPU.ActiveCfg = Release|Any CPU
		{E2E28763-E2EB-4972-B97E-0612BC2C3D2B}.Release|Any CPU.Build.0 = Release|Any CPU
		{65821B91-B54E-4578-A52B-298CDB231718}.Debug|Any CPU.ActiveCfg = Debug|Any CPU
		{65821B91-B54E-4578-A52B-298CDB231718}.Debug|Any CPU.Build.0 = Debug|Any CPU
		{65821B91-B54E-4578-A52B-298CDB231718}.Release|Any CPU.ActiveCfg = Release|Any CPU
		{65821B91-B54E-4578-A52B-298CDB231718}.Release|Any CPU.Build.0 = Release|Any CPU
	EndGlobalSection
	GlobalSection(SolutionProperties) = preSolution
		HideSolutionNode = FALSE
	EndGlobalSection
	GlobalSection(ExtensibilityGlobals) = postSolution
		SolutionGuid = {63BDC8EA-F01B-4BC3-B050-2DA0578AAF34}
	EndGlobalSection
EndGlobal
